
Microsoft Visual Studio Solution File, Format Version 12.00
# Visual Studio Version 17
VisualStudioVersion = 17.9.34607.119
MinimumVisualStudioVersion = 10.0.40219.1
Project("{FAE04EC0-301F-11D3-BF4B-00C04F79EFBC}") = "Web_Api", "Web_Api\Web_Api.csproj", "{77C99E9D-365F-4EC1-BAE3-BD9C66808DD4}"
EndProject
Global
	GlobalSection(SolutionConfigurationPlatforms) = preSolution
		Debug|Any CPU = Debug|Any CPU
		Release|Any CPU = Release|Any CPU
	EndGlobalSection
	GlobalSection(ProjectConfigurationPlatforms) = postSolution
		{77C99E9D-365F-4EC1-BAE3-BD9C66808DD4}.Debug|Any CPU.ActiveCfg = Debug|Any CPU
		{77C99E9D-365F-4EC1-BAE3-BD9C66808DD4}.Debug|Any CPU.Build.0 = Debug|Any CPU
		{77C99E9D-365F-4EC1-BAE3-BD9C66808DD4}.Release|Any CPU.ActiveCfg = Release|Any CPU
		{77C99E9D-365F-4EC1-BAE3-BD9C66808DD4}.Release|Any CPU.Build.0 = Release|Any CPU
	EndGlobalSection
	GlobalSection(SolutionProperties) = preSolution
		HideSolutionNode = FALSE
	EndGlobalSection
	GlobalSection(ExtensibilityGlobals) = postSolution
		SolutionGuid = {28BDA4F9-AC41-4148-8E7F-D49CE1F4421C}
	EndGlobalSection
EndGlobal
